<?xml version="1.0" encoding="utf-8"?>
<Project ToolsVersion="4.0" xmlns="http://schemas.microsoft.com/developer/msbuild/2003">
  <ItemGroup>
    <Filter Include="includes">
      <UniqueIdentifier>{a274dc86-9c6e-431f-b363-3ca22b1af415}</UniqueIdentifier>
    </Filter>
    <Filter Include="sources">
      <UniqueIdentifier>{d3c1d19b-2376-4bc9-a1b5-941595d4665d}</UniqueIdentifier>
    </Filter>
  </ItemGroup>
  <ItemGroup>
    <ClCompile Include="..\Sources\main.cpp">
      <Filter>sources</Filter>
    </ClCompile>
  </ItemGroup>
  <ItemGroup>
    <ClInclude Include="..\Includes\h_time.h">
      <Filter>includes</Filter>
    </ClInclude>
    <ClInclude Include="..\Includes\h_platform.h">
      <Filter>includes</Filter>
    </ClInclude>
  </ItemGroup>
</Project>